// !$*UTF8*$!
{
	archiveVersion = 1;
	classes = {
	};
	objectVersion = 55;
	objects = {

/* Begin PBXBuildFile section */
		555FC08C284FFDCB009B3277 /* AppDelegate.swift in Sources */ = {isa = PBXBuildFile; fileRef = 555FC08B284FFDCB009B3277 /* AppDelegate.swift */; };
		555FC08E284FFDCB009B3277 /* SceneDelegate.swift in Sources */ = {isa = PBXBuildFile; fileRef = 555FC08D284FFDCB009B3277 /* SceneDelegate.swift */; };
		555FC093284FFDCB009B3277 /* Main.storyboard in Resources */ = {isa = PBXBuildFile; fileRef = 555FC091284FFDCB009B3277 /* Main.storyboard */; };
		555FC095284FFDCD009B3277 /* Assets.xcassets in Resources */ = {isa = PBXBuildFile; fileRef = 555FC094284FFDCD009B3277 /* Assets.xcassets */; };
		555FC098284FFDCD009B3277 /* LaunchScreen.storyboard in Resources */ = {isa = PBXBuildFile; fileRef = 555FC096284FFDCD009B3277 /* LaunchScreen.storyboard */; };
		555FC0A028500075009B3277 /* MainViewController.swift in Sources */ = {isa = PBXBuildFile; fileRef = 555FC09F28500075009B3277 /* MainViewController.swift */; };
		555FC0A7285239EE009B3277 /* ParkTableViewCell.swift in Sources */ = {isa = PBXBuildFile; fileRef = 555FC0A6285239EE009B3277 /* ParkTableViewCell.swift */; };
		555FC0A928524DDB009B3277 /* Park.swift in Sources */ = {isa = PBXBuildFile; fileRef = 555FC0A828524DDB009B3277 /* Park.swift */; };
/* End PBXBuildFile section */

/* Begin PBXFileReference section */
		555FC088284FFDCB009B3277 /* ParksAround.app */ = {isa = PBXFileReference; explicitFileType = wrapper.application; includeInIndex = 0; path = ParksAround.app; sourceTree = BUILT_PRODUCTS_DIR; };
		555FC08B284FFDCB009B3277 /* AppDelegate.swift */ = {isa = PBXFileReference; lastKnownFileType = sourcecode.swift; path = AppDelegate.swift; sourceTree = "<group>"; };
		555FC08D284FFDCB009B3277 /* SceneDelegate.swift */ = {isa = PBXFileReference; lastKnownFileType = sourcecode.swift; path = SceneDelegate.swift; sourceTree = "<group>"; };
		555FC092284FFDCB009B3277 /* Base */ = {isa = PBXFileReference; lastKnownFileType = file.storyboard; name = Base; path = Base.lproj/Main.storyboard; sourceTree = "<group>"; };
		555FC094284FFDCD009B3277 /* Assets.xcassets */ = {isa = PBXFileReference; lastKnownFileType = folder.assetcatalog; path = Assets.xcassets; sourceTree = "<group>"; };
		555FC097284FFDCD009B3277 /* Base */ = {isa = PBXFileReference; lastKnownFileType = file.storyboard; name = Base; path = Base.lproj/LaunchScreen.storyboard; sourceTree = "<group>"; };
		555FC099284FFDCD009B3277 /* Info.plist */ = {isa = PBXFileReference; lastKnownFileType = text.plist.xml; path = Info.plist; sourceTree = "<group>"; };
		555FC09F28500075009B3277 /* MainViewController.swift */ = {isa = PBXFileReference; lastKnownFileType = sourcecode.swift; path = MainViewController.swift; sourceTree = "<group>"; };
		555FC0A6285239EE009B3277 /* ParkTableViewCell.swift */ = {isa = PBXFileReference; lastKnownFileType = sourcecode.swift; path = ParkTableViewCell.swift; sourceTree = "<group>"; };
		555FC0A828524DDB009B3277 /* Park.swift */ = {isa = PBXFileReference; lastKnownFileType = sourcecode.swift; path = Park.swift; sourceTree = "<group>"; };
/* End PBXFileReference section */

/* Begin PBXFrameworksBuildPhase section */
		555FC085284FFDCB009B3277 /* Frameworks */ = {
			isa = PBXFrameworksBuildPhase;
			buildActionMask = 2147483647;
			files = (
			);
			runOnlyForDeploymentPostprocessing = 0;
		};
/* End PBXFrameworksBuildPhase section */

/* Begin PBXGroup section */
		555FC07F284FFDCB009B3277 = {
			isa = PBXGroup;
			children = (
				555FC08A284FFDCB009B3277 /* ParksAround */,
				555FC089284FFDCB009B3277 /* Products */,
			);
			sourceTree = "<group>";
		};
		555FC089284FFDCB009B3277 /* Products */ = {
			isa = PBXGroup;
			children = (
				555FC088284FFDCB009B3277 /* ParksAround.app */,
			);
			name = Products;
			sourceTree = "<group>";
		};
		555FC08A284FFDCB009B3277 /* ParksAround */ = {
			isa = PBXGroup;
			children = (
				555FC08B284FFDCB009B3277 /* AppDelegate.swift */,
				555FC08D284FFDCB009B3277 /* SceneDelegate.swift */,
				555FC0A2285000E6009B3277 /* Model */,
				555FC0A3285000F2009B3277 /* View */,
				555FC0A1285000D0009B3277 /* Controller */,
				555FC0A428500147009B3277 /* Resources */,
				555FC099284FFDCD009B3277 /* Info.plist */,
			);
			path = ParksAround;
			sourceTree = "<group>";
		};
		555FC0A1285000D0009B3277 /* Controller */ = {
			isa = PBXGroup;
			children = (
				555FC09F28500075009B3277 /* MainViewController.swift */,
			);
			path = Controller;
			sourceTree = "<group>";
		};
		555FC0A2285000E6009B3277 /* Model */ = {
			isa = PBXGroup;
			children = (
				555FC0A828524DDB009B3277 /* Park.swift */,
			);
			path = Model;
			sourceTree = "<group>";
		};
		555FC0A3285000F2009B3277 /* View */ = {
			isa = PBXGroup;
			children = (
				555FC0A6285239EE009B3277 /* ParkTableViewCell.swift */,
			);
			path = View;
			sourceTree = "<group>";
		};
		555FC0A428500147009B3277 /* Resources */ = {
			isa = PBXGroup;
			children = (
				555FC091284FFDCB009B3277 /* Main.storyboard */,
				555FC096284FFDCD009B3277 /* LaunchScreen.storyboard */,
				555FC094284FFDCD009B3277 /* Assets.xcassets */,
			);
			path = Resources;
			sourceTree = "<group>";
		};
/* End PBXGroup section */

/* Begin PBXNativeTarget section */
		555FC087284FFDCB009B3277 /* ParksAround */ = {
			isa = PBXNativeTarget;
			buildConfigurationList = 555FC09C284FFDCD009B3277 /* Build configuration list for PBXNativeTarget "ParksAround" */;
			buildPhases = (
				555FC084284FFDCB009B3277 /* Sources */,
				555FC085284FFDCB009B3277 /* Frameworks */,
				555FC086284FFDCB009B3277 /* Resources */,
			);
			buildRules = (
			);
			dependencies = (
			);
			name = ParksAround;
			productName = ParksAround;
			productReference = 555FC088284FFDCB009B3277 /* ParksAround.app */;
			productType = "com.apple.product-type.application";
		};
/* End PBXNativeTarget section */

/* Begin PBXProject section */
		555FC080284FFDCB009B3277 /* Project object */ = {
			isa = PBXProject;
			attributes = {
				BuildIndependentTargetsInParallel = 1;
				LastSwiftUpdateCheck = 1320;
				LastUpgradeCheck = 1320;
				TargetAttributes = {
					555FC087284FFDCB009B3277 = {
						CreatedOnToolsVersion = 13.2.1;
					};
				};
			};
			buildConfigurationList = 555FC083284FFDCB009B3277 /* Build configuration list for PBXProject "ParksAround" */;
			compatibilityVersion = "Xcode 13.0";
			developmentRegion = en;
			hasScannedForEncodings = 0;
			knownRegions = (
				en,
				Base,
			);
			mainGroup = 555FC07F284FFDCB009B3277;
			productRefGroup = 555FC089284FFDCB009B3277 /* Products */;
			projectDirPath = "";
			projectRoot = "";
			targets = (
				555FC087284FFDCB009B3277 /* ParksAround */,
			);
		};
/* End PBXProject section */

/* Begin PBXResourcesBuildPhase section */
		555FC086284FFDCB009B3277 /* Resources */ = {
			isa = PBXResourcesBuildPhase;
			buildActionMask = 2147483647;
			files = (
				555FC098284FFDCD009B3277 /* LaunchScreen.storyboard in Resources */,
				555FC095284FFDCD009B3277 /* Assets.xcassets in Resources */,
				555FC093284FFDCB009B3277 /* Main.storyboard in Resources */,
			);
			runOnlyForDeploymentPostprocessing = 0;
		};
/* End PBXResourcesBuildPhase section */

/* Begin PBXSourcesBuildPhase section */
		555FC084284FFDCB009B3277 /* Sources */ = {
			isa = PBXSourcesBuildPhase;
			buildActionMask = 2147483647;
			files = (
				555FC0A028500075009B3277 /* MainViewController.swift in Sources */,
				555FC08C284FFDCB009B3277 /* AppDelegate.swift in Sources */,
				555FC08E284FFDCB009B3277 /* SceneDelegate.swift in Sources */,
				555FC0A928524DDB009B3277 /* Park.swift in Sources */,
				555FC0A7285239EE009B3277 /* ParkTableViewCell.swift in Sources */,
			);
			runOnlyForDeploymentPostprocessing = 0;
		};
/* End PBXSourcesBuildPhase section */

/* Begin PBXVariantGroup section */
		555FC091284FFDCB009B3277 /* Main.storyboard */ = {
			isa = PBXVariantGroup;
			children = (
				555FC092284FFDCB009B3277 /* Base */,
			);
			name = Main.storyboard;
			sourceTree = "<group>";
		};
		555FC096284FFDCD009B3277 /* LaunchScreen.storyboard */ = {
			isa = PBXVariantGroup;
			children = (
				555FC097284FFDCD009B3277 /* Base */,
			);
			name = LaunchScreen.storyboard;
			sourceTree = "<group>";
		};
/* End PBXVariantGroup section */

/* Begin XCBuildConfiguration section */
		555FC09A284FFDCD009B3277 /* Debug */ = {
			isa = XCBuildConfiguration;
			buildSettings = {
				ALWAYS_SEARCH_USER_PATHS = NO;
				CLANG_ANALYZER_NONNULL = YES;
				CLANG_ANALYZER_NUMBER_OBJECT_CONVERSION = YES_AGGRESSIVE;
				CLANG_CXX_LANGUAGE_STANDARD = "gnu++17";
				CLANG_CXX_LIBRARY = "libc++";
				CLANG_ENABLE_MODULES = YES;
				CLANG_ENABLE_OBJC_ARC = YES;
				CLANG_ENABLE_OBJC_WEAK = YES;
				CLANG_WARN_BLOCK_CAPTURE_AUTORELEASING = YES;
				CLANG_WARN_BOOL_CONVERSION = YES;
				CLANG_WARN_COMMA = YES;
				CLANG_WARN_CONSTANT_CONVERSION = YES;
				CLANG_WARN_DEPRECATED_OBJC_IMPLEMENTATIONS = YES;
				CLANG_WARN_DIRECT_OBJC_ISA_USAGE = YES_ERROR;
				CLANG_WARN_DOCUMENTATION_COMMENTS = YES;
				CLANG_WARN_EMPTY_BODY = YES;
				CLANG_WARN_ENUM_CONVERSION = YES;
				CLANG_WARN_INFINITE_RECURSION = YES;
				CLANG_WARN_INT_CONVERSION = YES;
				CLANG_WARN_NON_LITERAL_NULL_CONVERSION = YES;
				CLANG_WARN_OBJC_IMPLICIT_RETAIN_SELF = YES;
				CLANG_WARN_OBJC_LITERAL_CONVERSION = YES;
				CLANG_WARN_OBJC_ROOT_CLASS = YES_ERROR;
				CLANG_WARN_QUOTED_INCLUDE_IN_FRAMEWORK_HEADER = YES;
				CLANG_WARN_RANGE_LOOP_ANALYSIS = YES;
				CLANG_WARN_STRICT_PROTOTYPES = YES;
				CLANG_WARN_SUSPICIOUS_MOVE = YES;
				CLANG_WARN_UNGUARDED_AVAILABILITY = YES_AGGRESSIVE;
				CLANG_WARN_UNREACHABLE_CODE = YES;
				CLANG_WARN__DUPLICATE_METHOD_MATCH = YES;
				COPY_PHASE_STRIP = NO;
				DEBUG_INFORMATION_FORMAT = dwarf;
				ENABLE_STRICT_OBJC_MSGSEND = YES;
				ENABLE_TESTABILITY = YES;
				GCC_C_LANGUAGE_STANDARD = gnu11;
				GCC_DYNAMIC_NO_PIC = NO;
				GCC_NO_COMMON_BLOCKS = YES;
				GCC_OPTIMIZATION_LEVEL = 0;
				GCC_PREPROCESSOR_DEFINITIONS = (
					"DEBUG=1",
					"$(inherited)",
				);
				GCC_WARN_64_TO_32_BIT_CONVERSION = YES;
				GCC_WARN_ABOUT_RETURN_TYPE = YES_ERROR;
				GCC_WARN_UNDECLARED_SELECTOR = YES;
				GCC_WARN_UNINITIALIZED_AUTOS = YES_AGGRESSIVE;
				GCC_WARN_UNUSED_FUNCTION = YES;
				GCC_WARN_UNUSED_VARIABLE = YES;
				IPHONEOS_DEPLOYMENT_TARGET = 15.2;
				MTL_ENABLE_DEBUG_INFO = INCLUDE_SOURCE;
				MTL_FAST_MATH = YES;
				ONLY_ACTIVE_ARCH = YES;
				SDKROOT = iphoneos;
				SWIFT_ACTIVE_COMPILATION_CONDITIONS = DEBUG;
				SWIFT_OPTIMIZATION_LEVEL = "-Onone";
			};
			name = Debug;
		};
		555FC09B284FFDCD009B3277 /* Release */ = {
			isa = XCBuildConfiguration;
			buildSettings = {
				ALWAYS_SEARCH_USER_PATHS = NO;
				CLANG_ANALYZER_NONNULL = YES;
				CLANG_ANALYZER_NUMBER_OBJECT_CONVERSION = YES_AGGRESSIVE;
				CLANG_CXX_LANGUAGE_STANDARD = "gnu++17";
				CLANG_CXX_LIBRARY = "libc++";
				CLANG_ENABLE_MODULES = YES;
				CLANG_ENABLE_OBJC_ARC = YES;
				CLANG_ENABLE_OBJC_WEAK = YES;
				CLANG_WARN_BLOCK_CAPTURE_AUTORELEASING = YES;
				CLANG_WARN_BOOL_CONVERSION = YES;
				CLANG_WARN_COMMA = YES;
				CLANG_WARN_CONSTANT_CONVERSION = YES;
				CLANG_WARN_DEPRECATED_OBJC_IMPLEMENTATIONS = YES;
				CLANG_WARN_DIRECT_OBJC_ISA_USAGE = YES_ERROR;
				CLANG_WARN_DOCUMENTATION_COMMENTS = YES;
				CLANG_WARN_EMPTY_BODY = YES;
				CLANG_WARN_ENUM_CONVERSION = YES;
				CLANG_WARN_INFINITE_RECURSION = YES;
				CLANG_WARN_INT_CONVERSION = YES;
				CLANG_WARN_NON_LITERAL_NULL_CONVERSION = YES;
				CLANG_WARN_OBJC_IMPLICIT_RETAIN_SELF = YES;
				CLANG_WARN_OBJC_LITERAL_CONVERSION = YES;
				CLANG_WARN_OBJC_ROOT_CLASS = YES_ERROR;
				CLANG_WARN_QUOTED_INCLUDE_IN_FRAMEWORK_HEADER = YES;
				CLANG_WARN_RANGE_LOOP_ANALYSIS = YES;
				CLANG_WARN_STRICT_PROTOTYPES = YES;
				CLANG_WARN_SUSPICIOUS_MOVE = YES;
				CLANG_WARN_UNGUARDED_AVAILABILITY = YES_AGGRESSIVE;
				CLANG_WARN_UNREACHABLE_CODE = YES;
				CLANG_WARN__DUPLICATE_METHOD_MATCH = YES;
				COPY_PHASE_STRIP = NO;
				DEBUG_INFORMATION_FORMAT = "dwarf-with-dsym";
				ENABLE_NS_ASSERTIONS = NO;
				ENABLE_STRICT_OBJC_MSGSEND = YES;
				GCC_C_LANGUAGE_STANDARD = gnu11;
				GCC_NO_COMMON_BLOCKS = YES;
				GCC_WARN_64_TO_32_BIT_CONVERSION = YES;
				GCC_WARN_ABOUT_RETURN_TYPE = YES_ERROR;
				GCC_WARN_UNDECLARED_SELECTOR = YES;
				GCC_WARN_UNINITIALIZED_AUTOS = YES_AGGRESSIVE;
				GCC_WARN_UNUSED_FUNCTION = YES;
				GCC_WARN_UNUSED_VARIABLE = YES;
				IPHONEOS_DEPLOYMENT_TARGET = 15.2;
				MTL_ENABLE_DEBUG_INFO = NO;
				MTL_FAST_MATH = YES;
				SDKROOT = iphoneos;
				SWIFT_COMPILATION_MODE = wholemodule;
				SWIFT_OPTIMIZATION_LEVEL = "-O";
				VALIDATE_PRODUCT = YES;
			};
			name = Release;
		};
		555FC09D284FFDCD009B3277 /* Debug */ = {
			isa = XCBuildConfiguration;
			buildSettings = {
				ASSETCATALOG_COMPILER_APPICON_NAME = AppIcon;
				ASSETCATALOG_COMPILER_GLOBAL_ACCENT_COLOR_NAME = AccentColor;
				CODE_SIGN_STYLE = Automatic;
				CURRENT_PROJECT_VERSION = 1;
				DEVELOPMENT_TEAM = T5LT7XRVG2;
				GENERATE_INFOPLIST_FILE = YES;
				INFOPLIST_FILE = ParksAround/Info.plist;
				INFOPLIST_KEY_UIApplicationSupportsIndirectInputEvents = YES;
				INFOPLIST_KEY_UILaunchStoryboardName = LaunchScreen;
				INFOPLIST_KEY_UIMainStoryboardFile = Main;
				INFOPLIST_KEY_UISupportedInterfaceOrientations_iPad = "UIInterfaceOrientationPortrait UIInterfaceOrientationPortraitUpsideDown UIInterfaceOrientationLandscapeLeft UIInterfaceOrientationLandscapeRight";
				INFOPLIST_KEY_UISupportedInterfaceOrientations_iPhone = "UIInterfaceOrientationPortrait UIInterfaceOrientationLandscapeLeft UIInterfaceOrientationLandscapeRight";
				LD_RUNPATH_SEARCH_PATHS = (
					"$(inherited)",
					"@executable_path/Frameworks",
				);
				MARKETING_VERSION = 1.0;
				PRODUCT_BUNDLE_IDENTIFIER = "-000-.ParksAround";
				PRODUCT_NAME = "$(TARGET_NAME)";
				SWIFT_EMIT_LOC_STRINGS = YES;
				SWIFT_VERSION = 5.0;
				TARGETED_DEVICE_FAMILY = "1,2";
			};
			name = Debug;
		};
		555FC09E284FFDCD009B3277 /* Release */ = {
			isa = XCBuildConfiguration;
			buildSettings = {
				ASSETCATALOG_COMPILER_APPICON_NAME = AppIcon;
				ASSETCATALOG_COMPILER_GLOBAL_ACCENT_COLOR_NAME = AccentColor;
				CODE_SIGN_STYLE = Automatic;
				CURRENT_PROJECT_VERSION = 1;
				DEVELOPMENT_TEAM = T5LT7XRVG2;
				GENERATE_INFOPLIST_FILE = YES;
				INFOPLIST_FILE = ParksAround/Info.plist;
				INFOPLIST_KEY_UIApplicationSupportsIndirectInputEvents = YES;
				INFOPLIST_KEY_UILaunchStoryboardName = LaunchScreen;
				INFOPLIST_KEY_UIMainStoryboardFile = Main;
				INFOPLIST_KEY_UISupportedInterfaceOrientations_iPad = "UIInterfaceOrientationPortrait UIInterfaceOrientationPortraitUpsideDown UIInterfaceOrientationLandscapeLeft UIInterfaceOrientationLandscapeRight";
				INFOPLIST_KEY_UISupportedInterfaceOrientations_iPhone = "UIInterfaceOrientationPortrait UIInterfaceOrientationLandscapeLeft UIInterfaceOrientationLandscapeRight";
				LD_RUNPATH_SEARCH_PATHS = (
					"$(inherited)",
					"@executable_path/Frameworks",
				);
				MARKETING_VERSION = 1.0;
				PRODUCT_BUNDLE_IDENTIFIER = "-000-.ParksAround";
				PRODUCT_NAME = "$(TARGET_NAME)";
				SWIFT_EMIT_LOC_STRINGS = YES;
				SWIFT_VERSION = 5.0;
				TARGETED_DEVICE_FAMILY = "1,2";
			};
			name = Release;
		};
/* End XCBuildConfiguration section */

/* Begin XCConfigurationList section */
		555FC083284FFDCB009B3277 /* Build configuration list for PBXProject "ParksAround" */ = {
			isa = XCConfigurationList;
			buildConfigurations = (
				555FC09A284FFDCD009B3277 /* Debug */,
				555FC09B284FFDCD009B3277 /* Release */,
			);
			defaultConfigurationIsVisible = 0;
			defaultConfigurationName = Release;
		};
		555FC09C284FFDCD009B3277 /* Build configuration list for PBXNativeTarget "ParksAround" */ = {
			isa = XCConfigurationList;
			buildConfigurations = (
				555FC09D284FFDCD009B3277 /* Debug */,
				555FC09E284FFDCD009B3277 /* Release */,
			);
			defaultConfigurationIsVisible = 0;
			defaultConfigurationName = Release;
		};
/* End XCConfigurationList section */
	};
	rootObject = 555FC080284FFDCB009B3277 /* Project object */;
}
